# This file is generated by running "yarn install" inside your project.
# Manual changes might be lost - proceed with caution!

__metadata:
  version: 8
  cacheKey: 10

"@babel/runtime@npm:^7.25.0":
  version: 7.26.0
  resolution: "@babel/runtime@npm:7.26.0"
  dependencies:
    regenerator-runtime: "npm:^0.14.0"
  checksum: 10/9f4ea1c1d566c497c052d505587554e782e021e6ccd302c2ad7ae8291c8e16e3f19d4a7726fb64469e057779ea2081c28b7dbefec6d813a22f08a35712c0f699
  languageName: node
  linkType: hard

"@loop-payments/react-router-relay@workspace:.":
  version: 0.0.0-use.local
  resolution: "@loop-payments/react-router-relay@workspace:."
  dependencies:
    "@types/react-relay": "npm:^18.2.0"
    prettier: "npm:^3.5.3"
    react: "npm:^19.1.0"
    react-relay: "npm:^18.2.0"
    react-router-dom: "npm:^7.4.1"
    typescript: "npm:^5.8.2"
  peerDependencies:
    react-relay: ">=15.0.0"
    react-router-dom: ">=6.4.0"
  languageName: unknown
  linkType: soft

"@types/cookie@npm:^0.6.0":
  version: 0.6.0
  resolution: "@types/cookie@npm:0.6.0"
  checksum: 10/b883348d5bf88695fbc2c2276b1c49859267a55cae3cf11ea1dccc1b3be15b466e637ce3242109ba27d616c77c6aa4efe521e3d557110b4fdd9bc332a12445c2
  languageName: node
  linkType: hard

"@types/prop-types@npm:*":
  version: 15.7.5
  resolution: "@types/prop-types@npm:15.7.5"
  checksum: 10/5b43b8b15415e1f298243165f1d44390403bb2bd42e662bca3b5b5633fdd39c938e91b7fce3a9483699db0f7a715d08cef220c121f723a634972fdf596aec980
  languageName: node
  linkType: hard

"@types/react-relay@npm:^18.2.0":
  version: 18.2.0
  resolution: "@types/react-relay@npm:18.2.0"
  dependencies:
    "@types/react": "npm:*"
    "@types/relay-runtime": "npm:*"
  checksum: 10/fb5642274314dd64bf2e02ea680088fc771ade9623339f2935f32e00d36b1a0e0dcd0b0ee6ee9ea115658594ba3bfb6b3cb50aea213d8bc9994fd5bf06fe710d
  languageName: node
  linkType: hard

"@types/react@npm:*":
  version: 18.2.14
  resolution: "@types/react@npm:18.2.14"
  dependencies:
    "@types/prop-types": "npm:*"
    "@types/scheduler": "npm:*"
    csstype: "npm:^3.0.2"
  checksum: 10/9a8e9a6e6d39dba32a449ac986add435ee30d1f5af336efa7b0cb0e8e31eefa2b85ab2ef921284b373e820c47d184c7161f826cc77f1e528cc13642be3596110
  languageName: node
  linkType: hard

"@types/relay-runtime@npm:*":
  version: 18.2.1
  resolution: "@types/relay-runtime@npm:18.2.1"
  checksum: 10/69bc739c101c99fb502882411006a168132811da67187ec04556e61e9acf5bb8590040222768b54ababad8c1a6b559441563a667bc058f94aadd6e5558e16014
  languageName: node
  linkType: hard

"@types/scheduler@npm:*":
  version: 0.16.3
  resolution: "@types/scheduler@npm:0.16.3"
  checksum: 10/2b0aec39c24268e3ce938c5db2f2e77f5c3dd280e05c262d9c2fe7d890929e4632a6b8e94334017b66b45e4f92a5aa42ba3356640c2a1175fa37bef2f5200767
  languageName: node
  linkType: hard

"asap@npm:~2.0.3":
  version: 2.0.6
  resolution: "asap@npm:2.0.6"
  checksum: 10/b244c0458c571945e4b3be0b14eb001bea5596f9868cc50cc711dc03d58a7e953517d3f0dad81ccde3ff37d1f074701fa76a6f07d41aaa992d7204a37b915dda
  languageName: node
  linkType: hard

"cookie@npm:^1.0.1":
  version: 1.0.2
  resolution: "cookie@npm:1.0.2"
  checksum: 10/f5817cdc84d8977761b12549eba29435e675e65c7fef172bc31737788cd8adc83796bf8abe6d950554e7987325ad2d9ac2971c5bd8ff0c4f81c145f82e4ab1be
  languageName: node
  linkType: hard

"cross-fetch@npm:^3.1.5":
  version: 3.1.8
  resolution: "cross-fetch@npm:3.1.8"
  dependencies:
    node-fetch: "npm:^2.6.12"
  checksum: 10/ac8c4ca87d2ac0e17a19b6a293a67ee8934881aee5ec9a5a8323c30e9a9a60a0f5291d3c0d633ec2a2f970cbc60978d628804dfaf03add92d7e720b6d37f392c
  languageName: node
  linkType: hard

"csstype@npm:^3.0.2":
  version: 3.1.2
  resolution: "csstype@npm:3.1.2"
  checksum: 10/1f39c541e9acd9562996d88bc9fb62d1cb234786ef11ed275567d4b2bd82e1ceacde25debc8de3d3b4871ae02c2933fa02614004c97190711caebad6347debc2
  languageName: node
  linkType: hard

"fbjs-css-vars@npm:^1.0.0":
  version: 1.0.2
  resolution: "fbjs-css-vars@npm:1.0.2"
  checksum: 10/72baf6d22c45b75109118b4daecb6c8016d4c83c8c0f23f683f22e9d7c21f32fff6201d288df46eb561e3c7d4bb4489b8ad140b7f56444c453ba407e8bd28511
  languageName: node
  linkType: hard

"fbjs@npm:^3.0.2":
  version: 3.0.5
  resolution: "fbjs@npm:3.0.5"
  dependencies:
    cross-fetch: "npm:^3.1.5"
    fbjs-css-vars: "npm:^1.0.0"
    loose-envify: "npm:^1.0.0"
    object-assign: "npm:^4.1.0"
    promise: "npm:^7.1.1"
    setimmediate: "npm:^1.0.5"
    ua-parser-js: "npm:^1.0.35"
  checksum: 10/71252595b00b06fb0475a295c74d81ada1cc499b7e11f2cde51fef04618affa568f5b7f4927f61720c23254b9144be28f8acb2086a5001cf65df8eec87c6ca5c
  languageName: node
  linkType: hard

"invariant@npm:^2.2.4":
  version: 2.2.4
  resolution: "invariant@npm:2.2.4"
  dependencies:
    loose-envify: "npm:^1.0.0"
  checksum: 10/cc3182d793aad82a8d1f0af697b462939cb46066ec48bbf1707c150ad5fad6406137e91a262022c269702e01621f35ef60269f6c0d7fd178487959809acdfb14
  languageName: node
  linkType: hard

"js-tokens@npm:^3.0.0 || ^4.0.0":
  version: 4.0.0
  resolution: "js-tokens@npm:4.0.0"
  checksum: 10/af37d0d913fb56aec6dc0074c163cc71cd23c0b8aad5c2350747b6721d37ba118af35abdd8b33c47ec2800de07dedb16a527ca9c530ee004093e04958bd0cbf2
  languageName: node
  linkType: hard

"loose-envify@npm:^1.0.0":
  version: 1.4.0
  resolution: "loose-envify@npm:1.4.0"
  dependencies:
    js-tokens: "npm:^3.0.0 || ^4.0.0"
  bin:
    loose-envify: cli.js
  checksum: 10/6517e24e0cad87ec9888f500c5b5947032cdfe6ef65e1c1936a0c48a524b81e65542c9c3edc91c97d5bddc806ee2a985dbc79be89215d613b1de5db6d1cfe6f4
  languageName: node
  linkType: hard

"node-fetch@npm:^2.6.12":
  version: 2.6.12
  resolution: "node-fetch@npm:2.6.12"
  dependencies:
    whatwg-url: "npm:^5.0.0"
  peerDependencies:
    encoding: ^0.1.0
  peerDependenciesMeta:
    encoding:
      optional: true
  checksum: 10/370ed4d906edad9709a81b54a0141d37d2973a27dc80c723d8ac14afcec6dc67bc6c70986a96992b64ec75d08159cc4b65ce6aa9063941168ea5ac73b24df9f8
  languageName: node
  linkType: hard

"nullthrows@npm:^1.1.1":
  version: 1.1.1
  resolution: "nullthrows@npm:1.1.1"
  checksum: 10/c7cf377a095535dc301d81cf7959d3784d090a609a2a4faa40b6121a0c1d7f70d3a3aa534a34ab852e8553b66848ec503c28f2c19efd617ed564dc07dfbb6d33
  languageName: node
  linkType: hard

"object-assign@npm:^4.1.0":
  version: 4.1.1
  resolution: "object-assign@npm:4.1.1"
  checksum: 10/fcc6e4ea8c7fe48abfbb552578b1c53e0d194086e2e6bbbf59e0a536381a292f39943c6e9628af05b5528aa5e3318bb30d6b2e53cadaf5b8fe9e12c4b69af23f
  languageName: node
  linkType: hard

"prettier@npm:^3.5.3":
  version: 3.5.3
  resolution: "prettier@npm:3.5.3"
  bin:
    prettier: bin/prettier.cjs
  checksum: 10/7050c08f674d9e49fbd9a4c008291d0715471f64e94cc5e4b01729affce221dfc6875c8de7e66b728c64abc9352eefb7eaae071b5f79d30081be207b53774b78
  languageName: node
  linkType: hard

"promise@npm:^7.1.1":
  version: 7.3.1
  resolution: "promise@npm:7.3.1"
  dependencies:
    asap: "npm:~2.0.3"
  checksum: 10/37dbe58ca7b0716cc881f0618128f1fd6ff9c46cdc529a269fd70004e567126a449a94e9428e2d19b53d06182d11b45d0c399828f103e06b2bb87643319bd2e7
  languageName: node
  linkType: hard

"react-relay@npm:^18.2.0":
  version: 18.2.0
  resolution: "react-relay@npm:18.2.0"
  dependencies:
    "@babel/runtime": "npm:^7.25.0"
    fbjs: "npm:^3.0.2"
    invariant: "npm:^2.2.4"
    nullthrows: "npm:^1.1.1"
    relay-runtime: "npm:18.2.0"
  peerDependencies:
    react: ^16.9.0 || ^17 || ^18
  checksum: 10/9f6c908bb38e4aa03ebfd8597906d38967d120c857fdcd7a4d631a3b260b842026520915fcee81caeac6db5f8361e51481068d3d994e4dc0e3b318eb6fda095c
  languageName: node
  linkType: hard

"react-router-dom@npm:^7.4.1":
  version: 7.4.1
  resolution: "react-router-dom@npm:7.4.1"
  dependencies:
    react-router: "npm:7.4.1"
  peerDependencies:
    react: ">=18"
    react-dom: ">=18"
  checksum: 10/5e839da47ca55eefb36766f115bf9dfca133fa7e1a573a590c34d3bbe980431edee8d3cc553a901e5869ecddda22a5af80987fcf8e59babb6853d945c7a6600b
  languageName: node
  linkType: hard

"react-router@npm:7.4.1":
  version: 7.4.1
  resolution: "react-router@npm:7.4.1"
  dependencies:
    "@types/cookie": "npm:^0.6.0"
    cookie: "npm:^1.0.1"
    set-cookie-parser: "npm:^2.6.0"
    turbo-stream: "npm:2.4.0"
  peerDependencies:
    react: ">=18"
    react-dom: ">=18"
  peerDependenciesMeta:
    react-dom:
      optional: true
  checksum: 10/5873187abcd1d898f4bf7c0f31af48d7a867ec35bfa030d582c03bfb390fdf6ebfb252732a200d2212771319133124279b7c8ba034df0cde77daf9140345a1c6
  languageName: node
  linkType: hard

"react@npm:^19.1.0":
  version: 19.1.0
  resolution: "react@npm:19.1.0"
  checksum: 10/d0180689826fd9de87e839c365f6f361c561daea397d61d724687cae88f432a307d1c0f53a0ee95ddbe3352c10dac41d7ff1ad85530fb24951b27a39e5398db4
  languageName: node
  linkType: hard

"regenerator-runtime@npm:^0.14.0":
  version: 0.14.1
  resolution: "regenerator-runtime@npm:0.14.1"
  checksum: 10/5db3161abb311eef8c45bcf6565f4f378f785900ed3945acf740a9888c792f75b98ecb77f0775f3bf95502ff423529d23e94f41d80c8256e8fa05ed4b07cf471
  languageName: node
  linkType: hard

"relay-runtime@npm:18.2.0":
  version: 18.2.0
  resolution: "relay-runtime@npm:18.2.0"
  dependencies:
    "@babel/runtime": "npm:^7.25.0"
    fbjs: "npm:^3.0.2"
    invariant: "npm:^2.2.4"
  checksum: 10/cfa7d4af0a13526c89c39f6b392647d33ce38435a9d5de95ca89e8ccf01612e682bca5defb1767f7ffc8896811e2acb90e2c73e577498efa37a7b050f31dcf64
  languageName: node
  linkType: hard

"set-cookie-parser@npm:^2.6.0":
  version: 2.7.1
  resolution: "set-cookie-parser@npm:2.7.1"
  checksum: 10/c92b1130032693342bca13ea1b1bc93967ab37deec4387fcd8c2a843c0ef2fd9a9f3df25aea5bb3976cd05a91c2cf4632dd6164d6e1814208fb7d7e14edd42b4
  languageName: node
  linkType: hard

"setimmediate@npm:^1.0.5":
  version: 1.0.5
  resolution: "setimmediate@npm:1.0.5"
  checksum: 10/76e3f5d7f4b581b6100ff819761f04a984fa3f3990e72a6554b57188ded53efce2d3d6c0932c10f810b7c59414f85e2ab3c11521877d1dea1ce0b56dc906f485
  languageName: node
  linkType: hard

"tr46@npm:~0.0.3":
  version: 0.0.3
  resolution: "tr46@npm:0.0.3"
  checksum: 10/8f1f5aa6cb232f9e1bdc86f485f916b7aa38caee8a778b378ffec0b70d9307873f253f5cbadbe2955ece2ac5c83d0dc14a77513166ccd0a0c7fe197e21396695
  languageName: node
  linkType: hard

"turbo-stream@npm:2.4.0":
  version: 2.4.0
  resolution: "turbo-stream@npm:2.4.0"
  checksum: 10/7079bbc82b58340f783144cd669cc7e598288523103a8d68bb8a4c6bb28c64eccb71d389b33aab07788d3a9030638b795709e15cb8486f722b1cdac59cb58afc
  languageName: node
  linkType: hard

"typescript@npm:^5.8.2":
  version: 5.8.2
  resolution: "typescript@npm:5.8.2"
  bin:
    tsc: bin/tsc
    tsserver: bin/tsserver
  checksum: 10/dbc2168a55d56771f4d581997be52bab5cbc09734fec976cfbaabd787e61fb4c6cf9125fd48c6f98054ce549c77ecedefc7f64252a830dd8e9c3381f61fbeb78
  languageName: node
  linkType: hard

"typescript@patch:typescript@npm%3A^5.8.2#optional!builtin<compat/typescript>":
  version: 5.8.2
  resolution: "typescript@patch:typescript@npm%3A5.8.2#optional!builtin<compat/typescript>::version=5.8.2&hash=5786d5"
  bin:
    tsc: bin/tsc
    tsserver: bin/tsserver
  checksum: 10/97920a082ffc57583b1cb6bc4faa502acc156358e03f54c7fc7fdf0b61c439a717f4c9070c449ee9ee683d4cfc3bb203127c2b9794b2950f66d9d307a4ff262c
  languageName: node
  linkType: hard

"ua-parser-js@npm:^1.0.35":
  version: 1.0.35
  resolution: "ua-parser-js@npm:1.0.35"
  checksum: 10/b69c99c20f90e1d441939be591a3e4c848d12b88671953fc0de7664bdcdb660f4e9db236099ae966cfb20504d8894825bbdee0fcc31326f2823bf439eadfc02c
  languageName: node
  linkType: hard

"webidl-conversions@npm:^3.0.0":
  version: 3.0.1
  resolution: "webidl-conversions@npm:3.0.1"
  checksum: 10/b65b9f8d6854572a84a5c69615152b63371395f0c5dcd6729c45789052296df54314db2bc3e977df41705eacb8bc79c247cee139a63fa695192f95816ed528ad
  languageName: node
  linkType: hard

"whatwg-url@npm:^5.0.0":
  version: 5.0.0
  resolution: "whatwg-url@npm:5.0.0"
  dependencies:
    tr46: "npm:~0.0.3"
    webidl-conversions: "npm:^3.0.0"
  checksum: 10/f95adbc1e80820828b45cc671d97da7cd5e4ef9deb426c31bcd5ab00dc7103042291613b3ef3caec0a2335ed09e0d5ed026c940755dbb6d404e2b27f940fdf07
  languageName: node
  linkType: hard
