# This file is generated by running "yarn install" inside your project.
# Manual changes might be lost - proceed with caution!

__metadata:
  version: 6
  cacheKey: 8

"@babel/runtime@npm:^7.0.0":
  version: 7.22.6
  resolution: "@babel/runtime@npm:7.22.6"
  dependencies:
    regenerator-runtime: ^0.13.11
  checksum: e585338287c4514a713babf4fdb8fc2a67adcebab3e7723a739fc62c79cfda875b314c90fd25f827afb150d781af97bc16c85bfdbfa2889f06053879a1ddb597
  languageName: node
  linkType: hard

"@loop-payments/react-router-relay@workspace:.":
  version: 0.0.0-use.local
  resolution: "@loop-payments/react-router-relay@workspace:."
  dependencies:
    "@types/react-relay": ^14.1.4
    prettier: ^3.0.0
    react: ^18.2.0
    react-relay: ^15.0.0
    react-router-dom: ^6.14.1
    typescript: ^5.1.6
  peerDependencies:
    react-relay: ">=15.0.0"
    react-router-dom: ">=6.4.0"
  languageName: unknown
  linkType: soft

"@remix-run/router@npm:1.7.1":
  version: 1.7.1
  resolution: "@remix-run/router@npm:1.7.1"
  checksum: d13ad7e0b3b35379f8fdec1eec4f515325b618e431915e12fb9f1cd812ee959add0e7045edcb229ba17888ecfc787869b64e6cb4153ae3be148887e234b6ffac
  languageName: node
  linkType: hard

"@types/prop-types@npm:*":
  version: 15.7.5
  resolution: "@types/prop-types@npm:15.7.5"
  checksum: 5b43b8b15415e1f298243165f1d44390403bb2bd42e662bca3b5b5633fdd39c938e91b7fce3a9483699db0f7a715d08cef220c121f723a634972fdf596aec980
  languageName: node
  linkType: hard

"@types/react-relay@npm:^14.1.4":
  version: 14.1.4
  resolution: "@types/react-relay@npm:14.1.4"
  dependencies:
    "@types/react": "*"
    "@types/relay-runtime": "*"
  checksum: bff523a5fc0612eb862d6f0767b7a63f0733f56280ac9974905c0abce2647dc30b9e06138634cf1d514542ac6b721a14dfade5a7468be8d32f5a35a6f4785be5
  languageName: node
  linkType: hard

"@types/react@npm:*":
  version: 18.2.14
  resolution: "@types/react@npm:18.2.14"
  dependencies:
    "@types/prop-types": "*"
    "@types/scheduler": "*"
    csstype: ^3.0.2
  checksum: a6a5e8cc78f486b9020d1ad009aa6c56943c68c7c6376e0f8399e9cbcd950b7b8f5d73f00200f5379f5e58d31d57d8aed24357f301d8e86108cd438ce6c8b3dd
  languageName: node
  linkType: hard

"@types/relay-runtime@npm:*":
  version: 14.1.11
  resolution: "@types/relay-runtime@npm:14.1.11"
  checksum: c05424162fc8dab8bd23f7420da9732d856e27420e8b8c9623c4b2371342c28f40cf8d66cf11850d38f41425477b6f62784754c45d48d8ce7eea3961b740c019
  languageName: node
  linkType: hard

"@types/scheduler@npm:*":
  version: 0.16.3
  resolution: "@types/scheduler@npm:0.16.3"
  checksum: 2b0aec39c24268e3ce938c5db2f2e77f5c3dd280e05c262d9c2fe7d890929e4632a6b8e94334017b66b45e4f92a5aa42ba3356640c2a1175fa37bef2f5200767
  languageName: node
  linkType: hard

"asap@npm:~2.0.3":
  version: 2.0.6
  resolution: "asap@npm:2.0.6"
  checksum: b296c92c4b969e973260e47523207cd5769abd27c245a68c26dc7a0fe8053c55bb04360237cb51cab1df52be939da77150ace99ad331fb7fb13b3423ed73ff3d
  languageName: node
  linkType: hard

"cross-fetch@npm:^3.1.5":
  version: 3.1.8
  resolution: "cross-fetch@npm:3.1.8"
  dependencies:
    node-fetch: ^2.6.12
  checksum: 78f993fa099eaaa041122ab037fe9503ecbbcb9daef234d1d2e0b9230a983f64d645d088c464e21a247b825a08dc444a6e7064adfa93536d3a9454b4745b3632
  languageName: node
  linkType: hard

"csstype@npm:^3.0.2":
  version: 3.1.2
  resolution: "csstype@npm:3.1.2"
  checksum: e1a52e6c25c1314d6beef5168da704ab29c5186b877c07d822bd0806717d9a265e8493a2e35ca7e68d0f5d472d43fac1cdce70fd79fd0853dff81f3028d857b5
  languageName: node
  linkType: hard

"fbjs-css-vars@npm:^1.0.0":
  version: 1.0.2
  resolution: "fbjs-css-vars@npm:1.0.2"
  checksum: 72baf6d22c45b75109118b4daecb6c8016d4c83c8c0f23f683f22e9d7c21f32fff6201d288df46eb561e3c7d4bb4489b8ad140b7f56444c453ba407e8bd28511
  languageName: node
  linkType: hard

"fbjs@npm:^3.0.2":
  version: 3.0.5
  resolution: "fbjs@npm:3.0.5"
  dependencies:
    cross-fetch: ^3.1.5
    fbjs-css-vars: ^1.0.0
    loose-envify: ^1.0.0
    object-assign: ^4.1.0
    promise: ^7.1.1
    setimmediate: ^1.0.5
    ua-parser-js: ^1.0.35
  checksum: e609b5b64686bc96495a5c67728ed9b2710b9b3d695c5759c5f5e47c9483d1c323543ac777a86459e3694efc5712c6ce7212e944feb19752867d699568bb0e54
  languageName: node
  linkType: hard

"invariant@npm:^2.2.4":
  version: 2.2.4
  resolution: "invariant@npm:2.2.4"
  dependencies:
    loose-envify: ^1.0.0
  checksum: cc3182d793aad82a8d1f0af697b462939cb46066ec48bbf1707c150ad5fad6406137e91a262022c269702e01621f35ef60269f6c0d7fd178487959809acdfb14
  languageName: node
  linkType: hard

"js-tokens@npm:^3.0.0 || ^4.0.0":
  version: 4.0.0
  resolution: "js-tokens@npm:4.0.0"
  checksum: 8a95213a5a77deb6cbe94d86340e8d9ace2b93bc367790b260101d2f36a2eaf4e4e22d9fa9cf459b38af3a32fb4190e638024cf82ec95ef708680e405ea7cc78
  languageName: node
  linkType: hard

"loose-envify@npm:^1.0.0, loose-envify@npm:^1.1.0":
  version: 1.4.0
  resolution: "loose-envify@npm:1.4.0"
  dependencies:
    js-tokens: ^3.0.0 || ^4.0.0
  bin:
    loose-envify: cli.js
  checksum: 6517e24e0cad87ec9888f500c5b5947032cdfe6ef65e1c1936a0c48a524b81e65542c9c3edc91c97d5bddc806ee2a985dbc79be89215d613b1de5db6d1cfe6f4
  languageName: node
  linkType: hard

"node-fetch@npm:^2.6.12":
  version: 2.6.12
  resolution: "node-fetch@npm:2.6.12"
  dependencies:
    whatwg-url: ^5.0.0
  peerDependencies:
    encoding: ^0.1.0
  peerDependenciesMeta:
    encoding:
      optional: true
  checksum: 3bc1655203d47ee8e313c0d96664b9673a3d4dd8002740318e9d27d14ef306693a4b2ef8d6525775056fd912a19e23f3ac0d7111ad8925877b7567b29a625592
  languageName: node
  linkType: hard

"nullthrows@npm:^1.1.1":
  version: 1.1.1
  resolution: "nullthrows@npm:1.1.1"
  checksum: 10806b92121253eb1b08ecf707d92480f5331ba8ae5b23fa3eb0548ad24196eb797ed47606153006568a5733ea9e528a3579f21421f7828e09e7756f4bdd386f
  languageName: node
  linkType: hard

"object-assign@npm:^4.1.0":
  version: 4.1.1
  resolution: "object-assign@npm:4.1.1"
  checksum: fcc6e4ea8c7fe48abfbb552578b1c53e0d194086e2e6bbbf59e0a536381a292f39943c6e9628af05b5528aa5e3318bb30d6b2e53cadaf5b8fe9e12c4b69af23f
  languageName: node
  linkType: hard

"prettier@npm:^3.0.0":
  version: 3.0.0
  resolution: "prettier@npm:3.0.0"
  bin:
    prettier: bin/prettier.cjs
  checksum: 6a832876a1552dc58330d2467874e5a0b46b9ccbfc5d3531eb69d15684743e7f83dc9fbd202db6270446deba9c82b79d24383d09924c462b457136a759425e33
  languageName: node
  linkType: hard

"promise@npm:^7.1.1":
  version: 7.3.1
  resolution: "promise@npm:7.3.1"
  dependencies:
    asap: ~2.0.3
  checksum: 475bb069130179fbd27ed2ab45f26d8862376a137a57314cf53310bdd85cc986a826fd585829be97ebc0aaf10e9d8e68be1bfe5a4a0364144b1f9eedfa940cf1
  languageName: node
  linkType: hard

"react-relay@npm:^15.0.0":
  version: 15.0.0
  resolution: "react-relay@npm:15.0.0"
  dependencies:
    "@babel/runtime": ^7.0.0
    fbjs: ^3.0.2
    invariant: ^2.2.4
    nullthrows: ^1.1.1
    relay-runtime: 15.0.0
  peerDependencies:
    react: ^16.9.0 || ^17 || ^18
  checksum: d318c3b153f193e1b93fb5d8501426f7a9eb2e013407cbfadc1cbc17e319d99dad9c145147c0cea194eeb6ffbb4fc6d41914ad69db0d589808d4484e4a6fd718
  languageName: node
  linkType: hard

"react-router-dom@npm:^6.14.1":
  version: 6.14.1
  resolution: "react-router-dom@npm:6.14.1"
  dependencies:
    "@remix-run/router": 1.7.1
    react-router: 6.14.1
  peerDependencies:
    react: ">=16.8"
    react-dom: ">=16.8"
  checksum: 6ddda481edb2c614671bcaf24b0ca07ca00215f1d0350ede43a03ba24c3401a537dfe4a9f5e108a512c2703e4a8ce99a3301c15caf16012b67b248b1a055d69a
  languageName: node
  linkType: hard

"react-router@npm:6.14.1":
  version: 6.14.1
  resolution: "react-router@npm:6.14.1"
  dependencies:
    "@remix-run/router": 1.7.1
  peerDependencies:
    react: ">=16.8"
  checksum: 16f3d108e0f833bfee447192e3f40bd6731b8b11d42ca6925443ec8aeb157a889fe8ece67baf690f75f0d146d0a212656f9216fcc2df6fd3a2bd263108ed0abb
  languageName: node
  linkType: hard

"react@npm:^18.2.0":
  version: 18.2.0
  resolution: "react@npm:18.2.0"
  dependencies:
    loose-envify: ^1.1.0
  checksum: 88e38092da8839b830cda6feef2e8505dec8ace60579e46aa5490fc3dc9bba0bd50336507dc166f43e3afc1c42939c09fe33b25fae889d6f402721dcd78fca1b
  languageName: node
  linkType: hard

"regenerator-runtime@npm:^0.13.11":
  version: 0.13.11
  resolution: "regenerator-runtime@npm:0.13.11"
  checksum: 27481628d22a1c4e3ff551096a683b424242a216fee44685467307f14d58020af1e19660bf2e26064de946bad7eff28950eae9f8209d55723e2d9351e632bbb4
  languageName: node
  linkType: hard

"relay-runtime@npm:15.0.0":
  version: 15.0.0
  resolution: "relay-runtime@npm:15.0.0"
  dependencies:
    "@babel/runtime": ^7.0.0
    fbjs: ^3.0.2
    invariant: ^2.2.4
  checksum: ccf41ac4778b54560ea35901076a00eaa60597a89c908f6fb7b15812b76aad6aa57bfe81fe5af159dd6aaf716eb46208ec6e77cf8357c479d288af6f5a04698d
  languageName: node
  linkType: hard

"setimmediate@npm:^1.0.5":
  version: 1.0.5
  resolution: "setimmediate@npm:1.0.5"
  checksum: c9a6f2c5b51a2dabdc0247db9c46460152ffc62ee139f3157440bd48e7c59425093f42719ac1d7931f054f153e2d26cf37dfeb8da17a794a58198a2705e527fd
  languageName: node
  linkType: hard

"tr46@npm:~0.0.3":
  version: 0.0.3
  resolution: "tr46@npm:0.0.3"
  checksum: 726321c5eaf41b5002e17ffbd1fb7245999a073e8979085dacd47c4b4e8068ff5777142fc6726d6ca1fd2ff16921b48788b87225cbc57c72636f6efa8efbffe3
  languageName: node
  linkType: hard

"typescript@npm:^5.1.6":
  version: 5.1.6
  resolution: "typescript@npm:5.1.6"
  bin:
    tsc: bin/tsc
    tsserver: bin/tsserver
  checksum: b2f2c35096035fe1f5facd1e38922ccb8558996331405eb00a5111cc948b2e733163cc22fab5db46992aba7dd520fff637f2c1df4996ff0e134e77d3249a7350
  languageName: node
  linkType: hard

"typescript@patch:typescript@^5.1.6#~builtin<compat/typescript>":
  version: 5.1.6
  resolution: "typescript@patch:typescript@npm%3A5.1.6#~builtin<compat/typescript>::version=5.1.6&hash=5da071"
  bin:
    tsc: bin/tsc
    tsserver: bin/tsserver
  checksum: f53bfe97f7c8b2b6d23cf572750d4e7d1e0c5fff1c36d859d0ec84556a827b8785077bc27676bf7e71fae538e517c3ecc0f37e7f593be913d884805d931bc8be
  languageName: node
  linkType: hard

"ua-parser-js@npm:^1.0.35":
  version: 1.0.35
  resolution: "ua-parser-js@npm:1.0.35"
  checksum: 02370d38a0c8b586f2503d1c3bbba5cbc0b97d407282f9023201a99e4c03eae4357a2800fdf50cf80d73ec25c0b0cc5bfbaa03975b0add4043d6e4c86712c9c1
  languageName: node
  linkType: hard

"webidl-conversions@npm:^3.0.0":
  version: 3.0.1
  resolution: "webidl-conversions@npm:3.0.1"
  checksum: c92a0a6ab95314bde9c32e1d0a6dfac83b578f8fa5f21e675bc2706ed6981bc26b7eb7e6a1fab158e5ce4adf9caa4a0aee49a52505d4d13c7be545f15021b17c
  languageName: node
  linkType: hard

"whatwg-url@npm:^5.0.0":
  version: 5.0.0
  resolution: "whatwg-url@npm:5.0.0"
  dependencies:
    tr46: ~0.0.3
    webidl-conversions: ^3.0.0
  checksum: b8daed4ad3356cc4899048a15b2c143a9aed0dfae1f611ebd55073310c7b910f522ad75d727346ad64203d7e6c79ef25eafd465f4d12775ca44b90fa82ed9e2c
  languageName: node
  linkType: hard
