# This file is generated by running "yarn install" inside your project.
# Manual changes might be lost - proceed with caution!

__metadata:
  version: 8
  cacheKey: 10

"@babel/runtime@npm:^7.0.0":
  version: 7.22.6
  resolution: "@babel/runtime@npm:7.22.6"
  dependencies:
    regenerator-runtime: "npm:^0.13.11"
  checksum: 1d2f56797f548b009910bddf3dc04f980a9701193233145dc923f3ea87c8f88121a3c3ef1d449e9cb52a370d7d025a2243c748882d5546ff079ddf5ffe29f240
  languageName: node
  linkType: hard

"@loop-payments/react-router-relay@workspace:.":
  version: 0.0.0-use.local
  resolution: "@loop-payments/react-router-relay@workspace:."
  dependencies:
    "@types/react-relay": "npm:^14.1.4"
    prettier: "npm:^3.0.0"
    react: "npm:^18.2.0"
    react-relay: "npm:^15.0.0"
    react-router-dom: "npm:^6.14.1"
    typescript: "npm:^5.1.6"
  peerDependencies:
    react-relay: ">=15.0.0"
    react-router-dom: ">=6.4.0"
  languageName: unknown
  linkType: soft

"@remix-run/router@npm:1.7.1":
  version: 1.7.1
  resolution: "@remix-run/router@npm:1.7.1"
  checksum: c8618cf4f8041af989cbc2990a16417ab59a702bed0e2d0c5a2a257729db6a394457bbcf33781813cd32b169f91b7b38673f038fcdefc3f4a64a2fd75f261661
  languageName: node
  linkType: hard

"@types/prop-types@npm:*":
  version: 15.7.5
  resolution: "@types/prop-types@npm:15.7.5"
  checksum: 5b43b8b15415e1f298243165f1d44390403bb2bd42e662bca3b5b5633fdd39c938e91b7fce3a9483699db0f7a715d08cef220c121f723a634972fdf596aec980
  languageName: node
  linkType: hard

"@types/react-relay@npm:^14.1.4":
  version: 14.1.4
  resolution: "@types/react-relay@npm:14.1.4"
  dependencies:
    "@types/react": "npm:*"
    "@types/relay-runtime": "npm:*"
  checksum: cfb5011e4b21f0f7a6b652e44901389d4e41597d47b6431d7c4368daa73ad56082ed7ad9f0004061a69ef8eef6d5fbd77d0237383235d185ad80553177d8e0af
  languageName: node
  linkType: hard

"@types/react@npm:*":
  version: 18.2.14
  resolution: "@types/react@npm:18.2.14"
  dependencies:
    "@types/prop-types": "npm:*"
    "@types/scheduler": "npm:*"
    csstype: "npm:^3.0.2"
  checksum: 9a8e9a6e6d39dba32a449ac986add435ee30d1f5af336efa7b0cb0e8e31eefa2b85ab2ef921284b373e820c47d184c7161f826cc77f1e528cc13642be3596110
  languageName: node
  linkType: hard

"@types/relay-runtime@npm:*":
  version: 14.1.11
  resolution: "@types/relay-runtime@npm:14.1.11"
  checksum: aa0393a087a6c527434bb46cd43240d74246dfef1778a68f004fc438c00087e8b039e83efe575ffac43eec7814f79e70857368416047bd1fdefa2a4f04974826
  languageName: node
  linkType: hard

"@types/scheduler@npm:*":
  version: 0.16.3
  resolution: "@types/scheduler@npm:0.16.3"
  checksum: 2b0aec39c24268e3ce938c5db2f2e77f5c3dd280e05c262d9c2fe7d890929e4632a6b8e94334017b66b45e4f92a5aa42ba3356640c2a1175fa37bef2f5200767
  languageName: node
  linkType: hard

"asap@npm:~2.0.3":
  version: 2.0.6
  resolution: "asap@npm:2.0.6"
  checksum: b244c0458c571945e4b3be0b14eb001bea5596f9868cc50cc711dc03d58a7e953517d3f0dad81ccde3ff37d1f074701fa76a6f07d41aaa992d7204a37b915dda
  languageName: node
  linkType: hard

"cross-fetch@npm:^3.1.5":
  version: 3.1.8
  resolution: "cross-fetch@npm:3.1.8"
  dependencies:
    node-fetch: "npm:^2.6.12"
  checksum: ac8c4ca87d2ac0e17a19b6a293a67ee8934881aee5ec9a5a8323c30e9a9a60a0f5291d3c0d633ec2a2f970cbc60978d628804dfaf03add92d7e720b6d37f392c
  languageName: node
  linkType: hard

"csstype@npm:^3.0.2":
  version: 3.1.2
  resolution: "csstype@npm:3.1.2"
  checksum: 1f39c541e9acd9562996d88bc9fb62d1cb234786ef11ed275567d4b2bd82e1ceacde25debc8de3d3b4871ae02c2933fa02614004c97190711caebad6347debc2
  languageName: node
  linkType: hard

"fbjs-css-vars@npm:^1.0.0":
  version: 1.0.2
  resolution: "fbjs-css-vars@npm:1.0.2"
  checksum: 72baf6d22c45b75109118b4daecb6c8016d4c83c8c0f23f683f22e9d7c21f32fff6201d288df46eb561e3c7d4bb4489b8ad140b7f56444c453ba407e8bd28511
  languageName: node
  linkType: hard

"fbjs@npm:^3.0.2":
  version: 3.0.5
  resolution: "fbjs@npm:3.0.5"
  dependencies:
    cross-fetch: "npm:^3.1.5"
    fbjs-css-vars: "npm:^1.0.0"
    loose-envify: "npm:^1.0.0"
    object-assign: "npm:^4.1.0"
    promise: "npm:^7.1.1"
    setimmediate: "npm:^1.0.5"
    ua-parser-js: "npm:^1.0.35"
  checksum: 71252595b00b06fb0475a295c74d81ada1cc499b7e11f2cde51fef04618affa568f5b7f4927f61720c23254b9144be28f8acb2086a5001cf65df8eec87c6ca5c
  languageName: node
  linkType: hard

"invariant@npm:^2.2.4":
  version: 2.2.4
  resolution: "invariant@npm:2.2.4"
  dependencies:
    loose-envify: "npm:^1.0.0"
  checksum: cc3182d793aad82a8d1f0af697b462939cb46066ec48bbf1707c150ad5fad6406137e91a262022c269702e01621f35ef60269f6c0d7fd178487959809acdfb14
  languageName: node
  linkType: hard

"js-tokens@npm:^3.0.0 || ^4.0.0":
  version: 4.0.0
  resolution: "js-tokens@npm:4.0.0"
  checksum: af37d0d913fb56aec6dc0074c163cc71cd23c0b8aad5c2350747b6721d37ba118af35abdd8b33c47ec2800de07dedb16a527ca9c530ee004093e04958bd0cbf2
  languageName: node
  linkType: hard

"loose-envify@npm:^1.0.0, loose-envify@npm:^1.1.0":
  version: 1.4.0
  resolution: "loose-envify@npm:1.4.0"
  dependencies:
    js-tokens: "npm:^3.0.0 || ^4.0.0"
  bin:
    loose-envify: cli.js
  checksum: 6517e24e0cad87ec9888f500c5b5947032cdfe6ef65e1c1936a0c48a524b81e65542c9c3edc91c97d5bddc806ee2a985dbc79be89215d613b1de5db6d1cfe6f4
  languageName: node
  linkType: hard

"node-fetch@npm:^2.6.12":
  version: 2.6.12
  resolution: "node-fetch@npm:2.6.12"
  dependencies:
    whatwg-url: "npm:^5.0.0"
  peerDependencies:
    encoding: ^0.1.0
  peerDependenciesMeta:
    encoding:
      optional: true
  checksum: 370ed4d906edad9709a81b54a0141d37d2973a27dc80c723d8ac14afcec6dc67bc6c70986a96992b64ec75d08159cc4b65ce6aa9063941168ea5ac73b24df9f8
  languageName: node
  linkType: hard

"nullthrows@npm:^1.1.1":
  version: 1.1.1
  resolution: "nullthrows@npm:1.1.1"
  checksum: c7cf377a095535dc301d81cf7959d3784d090a609a2a4faa40b6121a0c1d7f70d3a3aa534a34ab852e8553b66848ec503c28f2c19efd617ed564dc07dfbb6d33
  languageName: node
  linkType: hard

"object-assign@npm:^4.1.0":
  version: 4.1.1
  resolution: "object-assign@npm:4.1.1"
  checksum: fcc6e4ea8c7fe48abfbb552578b1c53e0d194086e2e6bbbf59e0a536381a292f39943c6e9628af05b5528aa5e3318bb30d6b2e53cadaf5b8fe9e12c4b69af23f
  languageName: node
  linkType: hard

"prettier@npm:^3.0.0":
  version: 3.0.0
  resolution: "prettier@npm:3.0.0"
  bin:
    prettier: bin/prettier.cjs
  checksum: 399292638280988ecd44db6532e908246b7c9468e6f5f571b3835a5206b7f1132cb674c12be430d921474901dc85398429dfd2dc31b282eef9affebd3ce72cef
  languageName: node
  linkType: hard

"promise@npm:^7.1.1":
  version: 7.3.1
  resolution: "promise@npm:7.3.1"
  dependencies:
    asap: "npm:~2.0.3"
  checksum: 37dbe58ca7b0716cc881f0618128f1fd6ff9c46cdc529a269fd70004e567126a449a94e9428e2d19b53d06182d11b45d0c399828f103e06b2bb87643319bd2e7
  languageName: node
  linkType: hard

"react-relay@npm:^15.0.0":
  version: 15.0.0
  resolution: "react-relay@npm:15.0.0"
  dependencies:
    "@babel/runtime": "npm:^7.0.0"
    fbjs: "npm:^3.0.2"
    invariant: "npm:^2.2.4"
    nullthrows: "npm:^1.1.1"
    relay-runtime: "npm:15.0.0"
  peerDependencies:
    react: ^16.9.0 || ^17 || ^18
  checksum: 3250b12020c9fae5012985b274d9396ab89588eccfe0e52cc73220a67a820ea1927648ca87bd8e6afd2dc7945c8b25fbaad8039914f9dbb591f4393933ce1f35
  languageName: node
  linkType: hard

"react-router-dom@npm:^6.14.1":
  version: 6.14.1
  resolution: "react-router-dom@npm:6.14.1"
  dependencies:
    "@remix-run/router": "npm:1.7.1"
    react-router: "npm:6.14.1"
  peerDependencies:
    react: ">=16.8"
    react-dom: ">=16.8"
  checksum: 507a455ed7efcb5743e248737d1516d9c3afc79b6741386ef82f8668794f9571149c8b61e988e22fb08ac742a4b5ef35e82b4a500d91b19032d0e7fc5458b396
  languageName: node
  linkType: hard

"react-router@npm:6.14.1":
  version: 6.14.1
  resolution: "react-router@npm:6.14.1"
  dependencies:
    "@remix-run/router": "npm:1.7.1"
  peerDependencies:
    react: ">=16.8"
  checksum: fee4eb573df8df13573746869698ea48fd01d78258a7e8aa68bf51154115311507c9dca32d0c72499746164df9438124d07824f93122898516c5175e75d25dda
  languageName: node
  linkType: hard

"react@npm:^18.2.0":
  version: 18.2.0
  resolution: "react@npm:18.2.0"
  dependencies:
    loose-envify: "npm:^1.1.0"
  checksum: b9214a9bd79e99d08de55f8bef2b7fc8c39630be97c4e29d7be173d14a9a10670b5325e94485f74cd8bff4966ef3c78ee53c79a7b0b9b70cba20aa8973acc694
  languageName: node
  linkType: hard

"regenerator-runtime@npm:^0.13.11":
  version: 0.13.11
  resolution: "regenerator-runtime@npm:0.13.11"
  checksum: d493e9e118abef5b099c78170834f18540c4933cedf9bfabc32d3af94abfb59a7907bd7950259cbab0a929ebca7db77301e8024e5121e6482a82f78283dfd20c
  languageName: node
  linkType: hard

"relay-runtime@npm:15.0.0":
  version: 15.0.0
  resolution: "relay-runtime@npm:15.0.0"
  dependencies:
    "@babel/runtime": "npm:^7.0.0"
    fbjs: "npm:^3.0.2"
    invariant: "npm:^2.2.4"
  checksum: ee83ff9f76349de0e131fba824275f2d0e860c8c12561be51dd77acf7cd7bff8247a5d74ce71a304e37d65f4bf2d12879b7571ecaddc514a5865d384cc37fd8a
  languageName: node
  linkType: hard

"setimmediate@npm:^1.0.5":
  version: 1.0.5
  resolution: "setimmediate@npm:1.0.5"
  checksum: 76e3f5d7f4b581b6100ff819761f04a984fa3f3990e72a6554b57188ded53efce2d3d6c0932c10f810b7c59414f85e2ab3c11521877d1dea1ce0b56dc906f485
  languageName: node
  linkType: hard

"tr46@npm:~0.0.3":
  version: 0.0.3
  resolution: "tr46@npm:0.0.3"
  checksum: 8f1f5aa6cb232f9e1bdc86f485f916b7aa38caee8a778b378ffec0b70d9307873f253f5cbadbe2955ece2ac5c83d0dc14a77513166ccd0a0c7fe197e21396695
  languageName: node
  linkType: hard

"typescript@npm:^5.1.6":
  version: 5.1.6
  resolution: "typescript@npm:5.1.6"
  bin:
    tsc: bin/tsc
    tsserver: bin/tsserver
  checksum: f347cde665cf43dc4c1c7d9821c7d9bbec3c3914f4bdd82ee490e9fb9f6d99036ed8666463b6a192dd005eeef333c5087d5931bdd51ec853436ff9a670a7417e
  languageName: node
  linkType: hard

"typescript@patch:typescript@npm%3A^5.1.6#optional!builtin<compat/typescript>":
  version: 5.1.6
  resolution: "typescript@patch:typescript@npm%3A5.1.6#optional!builtin<compat/typescript>::version=5.1.6&hash=5da071"
  bin:
    tsc: bin/tsc
    tsserver: bin/tsserver
  checksum: f5481fa3ba0eee8970f46708d13c05650a865ad093b586fc9573f425c64c57ca97e3308e110bb528deb3ccebe83f6fd7b5a8ac90018038da96326a9ccdf8e77c
  languageName: node
  linkType: hard

"ua-parser-js@npm:^1.0.35":
  version: 1.0.35
  resolution: "ua-parser-js@npm:1.0.35"
  checksum: b69c99c20f90e1d441939be591a3e4c848d12b88671953fc0de7664bdcdb660f4e9db236099ae966cfb20504d8894825bbdee0fcc31326f2823bf439eadfc02c
  languageName: node
  linkType: hard

"webidl-conversions@npm:^3.0.0":
  version: 3.0.1
  resolution: "webidl-conversions@npm:3.0.1"
  checksum: b65b9f8d6854572a84a5c69615152b63371395f0c5dcd6729c45789052296df54314db2bc3e977df41705eacb8bc79c247cee139a63fa695192f95816ed528ad
  languageName: node
  linkType: hard

"whatwg-url@npm:^5.0.0":
  version: 5.0.0
  resolution: "whatwg-url@npm:5.0.0"
  dependencies:
    tr46: "npm:~0.0.3"
    webidl-conversions: "npm:^3.0.0"
  checksum: f95adbc1e80820828b45cc671d97da7cd5e4ef9deb426c31bcd5ab00dc7103042291613b3ef3caec0a2335ed09e0d5ed026c940755dbb6d404e2b27f940fdf07
  languageName: node
  linkType: hard
